
Microsoft Visual Studio Solution File, Format Version 12.00
# Visual Studio 2013
VisualStudioVersion = 12.0.21005.1
MinimumVisualStudioVersion = 10.0.40219.1
Project("{FAE04EC0-301F-11D3-BF4B-00C04F79EFBC}") = "CodeMaster", "CodeMaster\CodeMaster.csproj", "{DC40303C-E1B9-40AB-8A75-B7817D6A62F7}"
EndProject
Project("{FAE04EC0-301F-11D3-BF4B-00C04F79EFBC}") = "CodeMaster.UnitTest", "CodeMaster.UnitTest\CodeMaster.UnitTest.csproj", "{66E4DE7F-895B-4D0D-AEA3-6E38229A6ACA}"
EndProject
Global
	GlobalSection(SolutionConfigurationPlatforms) = preSolution
		Debug|Any CPU = Debug|Any CPU
		Release|Any CPU = Release|Any CPU
	EndGlobalSection
	GlobalSection(ProjectConfigurationPlatforms) = postSolution
		{DC40303C-E1B9-40AB-8A75-B7817D6A62F7}.Debug|Any CPU.ActiveCfg = Debug|Any CPU
		{DC40303C-E1B9-40AB-8A75-B7817D6A62F7}.Debug|Any CPU.Build.0 = Debug|Any CPU
		{DC40303C-E1B9-40AB-8A75-B7817D6A62F7}.Release|Any CPU.ActiveCfg = Release|Any CPU
		{DC40303C-E1B9-40AB-8A75-B7817D6A62F7}.Release|Any CPU.Build.0 = Release|Any CPU
		{66E4DE7F-895B-4D0D-AEA3-6E38229A6ACA}.Debug|Any CPU.ActiveCfg = Debug|Any CPU
		{66E4DE7F-895B-4D0D-AEA3-6E38229A6ACA}.Debug|Any CPU.Build.0 = Debug|Any CPU
		{66E4DE7F-895B-4D0D-AEA3-6E38229A6ACA}.Release|Any CPU.ActiveCfg = Release|Any CPU
		{66E4DE7F-895B-4D0D-AEA3-6E38229A6ACA}.Release|Any CPU.Build.0 = Release|Any CPU
	EndGlobalSection
	GlobalSection(SolutionProperties) = preSolution
		HideSolutionNode = FALSE
	EndGlobalSection
EndGlobal
